{
  "version": 1,
  "dependencies": {
    "net10.0": {
      "Apache.Arrow": {
        "type": "Direct",
        "requested": "[23.0.0, 23.0.0]",
        "resolved": "23.0.0",
        "contentHash": "cU4Zm7byFwnb82Ea9ZRvVnq2nJNf/TF9j+rj/MHlvu9RBYMqYtu4sJaR1JmMh3MmSIuwMafVg7PfJxPAMv9dGw==",
        "dependencies": {
          "Apache.Arrow.Scalars": "23.0.0"
        }
      },
      "Microsoft.AspNetCore.Components.Web": {
        "type": "Direct",
        "requested": "[8.0.27, )",
        "resolved": "8.0.27",
        "contentHash": "KZv1bM9qxMkzDPQUWQ6qXkcpmMKCP9/rbhFIBRXOWJNVoPABAaQVXdfktJ1842f9ep2vmb9JHu6yTIMP35dSMQ==",
        "dependencies": {
          "Microsoft.AspNetCore.Components": "8.0.27",
          "Microsoft.AspNetCore.Components.Forms": "8.0.27",
          "Microsoft.Extensions.DependencyInjection": "8.0.1",
          "Microsoft.Extensions.Primitives": "8.0.0",
          "Microsoft.JSInterop": "8.0.27"
        }
      },
      "NI.CSharp.Analyzers": {
        "type": "Direct",
        "requested": "[2.0.35, )",
        "resolved": "2.0.35",
        "contentHash": "BWr4eveNX0kRVr6mFSohfBkJnc2fc3hwFDggLYvqcvlQ8gqxa00/3kkok9H6JdiOAiVLgln67SMfx+aUKkIPug==",
        "dependencies": {
          "Microsoft.CodeAnalysis.Analyzers": "3.3.3",
          "Microsoft.CodeAnalysis.CSharp": "4.2.0",
          "Microsoft.CodeAnalysis.NetAnalyzers": "10.0.100",
          "Microsoft.VisualStudio.Threading.Analyzers": "17.10.48",
          "Roslynator.Analyzers": "4.1.1",
          "StyleCop.Analyzers": "1.2.0-beta.556"
        }
      },
      "Apache.Arrow.Scalars": {
        "type": "Transitive",
        "resolved": "23.0.0",
        "contentHash": "i53VmQ505ASXsStf7y29Z5qvhN6PGgFGNb6UUU7z1WmbzEgSjKQuIJkKKVbh+K5rtXRiKyr1Ah3Rmvbeb2BEHQ=="
      },
      "Microsoft.AspNetCore.Authorization": {
        "type": "Transitive",
        "resolved": "8.0.27",
        "contentHash": "daZ9zUoD/2DAmaRcoUbmjofar3bBGxp4kkluojz0smsMn0tIgjZ32tSdy29gcJQPiSskSHamPJWvIEq9rbGeUw==",
        "dependencies": {
          "Microsoft.AspNetCore.Metadata": "8.0.27",
          "Microsoft.Extensions.Logging.Abstractions": "8.0.3",
          "Microsoft.Extensions.Options": "8.0.2"
        }
      },
      "Microsoft.AspNetCore.Components": {
        "type": "Transitive",
        "resolved": "8.0.27",
        "contentHash": "aPmh1gxSolzltCOzSbWCAG8958XIfgpeysrcmjrAeZZKDXvz8KVaEwaa5B23uFQJXCJvJ/ljodvZ0LruEOdJDQ==",
        "dependencies": {
          "Microsoft.AspNetCore.Authorization": "8.0.27",
          "Microsoft.AspNetCore.Components.Analyzers": "8.0.27"
        }
      },
      "Microsoft.AspNetCore.Components.Analyzers": {
        "type": "Transitive",
        "resolved": "8.0.27",
        "contentHash": "RpGeV6fcFofyw+ntWAc9kW06eEBWLlxQz/f4vSzITu+Qax2r2lQ2TBhP3ygIWJk7xAC119/BNSPCfSL3LcO3Pg=="
      },
      "Microsoft.AspNetCore.Components.Forms": {
        "type": "Transitive",
        "resolved": "8.0.27",
        "contentHash": "naie9Yqav3v3FWdkkRE5BtjpHkck6ilEBhCNbEzvn7xYhYDFkhxlU/Ud6w3Z9iuIEnzbeIbQ2VZ/K4JrsT7BAA==",
        "dependencies": {
          "Microsoft.AspNetCore.Components": "8.0.27"
        }
      },
      "Microsoft.AspNetCore.Metadata": {
        "type": "Transitive",
        "resolved": "8.0.27",
        "contentHash": "yW4wV3ad57ECSgTacIz5SiNbtlD41Qbcdvx7i3rUeXY369YIYhYHhVuuSBPZs80U/QUrfJW/UAX+XhS3g6bagQ=="
      },
      "Microsoft.CodeAnalysis.Analyzers": {
        "type": "Transitive",
        "resolved": "3.3.3",
        "contentHash": "j/rOZtLMVJjrfLRlAMckJLPW/1rze9MT1yfWqSIbUPGRu1m1P0fuo9PmqapwsmePfGB5PJrudQLvmUOAMF0DqQ=="
      },
      "Microsoft.CodeAnalysis.Common": {
        "type": "Transitive",
        "resolved": "4.2.0",
        "contentHash": "lbusGcuE7D8FtZawQ4G++UFsRQArPzZN1GGXjPQwu3gvCbw7FXDcBq1zDZrZN1vRzPTVe1qyZMvfGhVUzs1TDg==",
        "dependencies": {
          "Microsoft.CodeAnalysis.Analyzers": "3.3.3"
        }
      },
      "Microsoft.CodeAnalysis.CSharp": {
        "type": "Transitive",
        "resolved": "4.2.0",
        "contentHash": "5IDwr8zGNBmDpxtzxxZj9IHwoA6HJ1/WWT/JacqPQJ4Vz/oZXaHNlzcBPVCZRGWUw+QvVdAhCKwEyJyuAuH/wg==",
        "dependencies": {
          "Microsoft.CodeAnalysis.Common": "[4.2.0]"
        }
      },
      "Microsoft.CodeAnalysis.NetAnalyzers": {
        "type": "Transitive",
        "resolved": "10.0.100",
        "contentHash": "uj9VuyvqylnNueJfU7u2PkI/hEMpZl8Wg9BXyI0eatNEldU5jDYPdwsM8aDL18+1oLovju25MiqOPaGRBnG72A=="
      },
      "Microsoft.Extensions.DependencyInjection": {
        "type": "Transitive",
        "resolved": "8.0.1",
        "contentHash": "BmANAnR5Xd4Oqw7yQ75xOAYODybZQRzdeNucg7kS5wWKd2PNnMdYtJ2Vciy0QLylRmv42DGl5+AFL9izA6F1Rw==",
        "dependencies": {
          "Microsoft.Extensions.DependencyInjection.Abstractions": "8.0.2"
        }
      },
      "Microsoft.Extensions.DependencyInjection.Abstractions": {
        "type": "Transitive",
        "resolved": "8.0.2",
        "contentHash": "3iE7UF7MQkCv1cxzCahz+Y/guQbTqieyxyaWKhrRO91itI9cOKO76OHeQDahqG4MmW5umr3CcCvGmK92lWNlbg=="
      },
      "Microsoft.Extensions.Logging.Abstractions": {
        "type": "Transitive",
        "resolved": "8.0.3",
        "contentHash": "dL0QGToTxggRLMYY4ZYX5AMwBb+byQBd/5dMiZE07Nv73o6I5Are3C7eQTh7K2+A4ct0PVISSr7TZANbiNb2yQ==",
        "dependencies": {
          "Microsoft.Extensions.DependencyInjection.Abstractions": "8.0.2"
        }
      },
      "Microsoft.Extensions.Options": {
        "type": "Transitive",
        "resolved": "8.0.2",
        "contentHash": "dWGKvhFybsaZpGmzkGCbNNwBD1rVlWzrZKANLW/CcbFJpCEceMCGzT7zZwHOGBCbwM0SzBuceMj5HN1LKV1QqA==",
        "dependencies": {
          "Microsoft.Extensions.DependencyInjection.Abstractions": "8.0.0",
          "Microsoft.Extensions.Primitives": "8.0.0"
        }
      },
      "Microsoft.Extensions.Primitives": {
        "type": "Transitive",
        "resolved": "8.0.0",
        "contentHash": "bXJEZrW9ny8vjMF1JV253WeLhpEVzFo1lyaZu1vQ4ZxWUlVvknZ/+ftFgVheLubb4eZPSwwxBeqS1JkCOjxd8g=="
      },
      "Microsoft.JSInterop": {
        "type": "Transitive",
        "resolved": "8.0.27",
        "contentHash": "B6PkdHztY6iMUTwibDXE57h6s8SI/BTi8gb/7nWkoa+pH+rny4a6J9MfUEtlnewVbegoiiw4jrwHdfIK3TTwaQ=="
      },
      "Microsoft.VisualStudio.Threading.Analyzers": {
        "type": "Transitive",
        "resolved": "17.10.48",
        "contentHash": "xwvwT91oqFjLgQykUp6y/JPYxz8LchbfJKrLVatfczWddXKng8DAo8RiiIodt+pRdsVXP9Ud02GtJoY7ifdXPQ=="
      },
      "Roslynator.Analyzers": {
        "type": "Transitive",
        "resolved": "4.1.1",
        "contentHash": "3cPVlrB1PytlO1ztZZBOExDKQWpMZgI15ZDa0BqLu0l6xv+xIRfEpqjNRcpvUy3aLxWTkPgSKZbbaO+VoFEJ1g=="
      },
      "StyleCop.Analyzers": {
        "type": "Transitive",
        "resolved": "1.2.0-beta.556",
        "contentHash": "llRPgmA1fhC0I0QyFLEcjvtM2239QzKr/tcnbsjArLMJxJlu0AA5G7Fft0OI30pHF3MW63Gf4aSSsjc5m82J1Q==",
        "dependencies": {
          "StyleCop.Analyzers.Unstable": "1.2.0.556"
        }
      },
      "StyleCop.Analyzers.Unstable": {
        "type": "Transitive",
        "resolved": "1.2.0.556",
        "contentHash": "zvn9Mqs/ox/83cpYPignI8hJEM2A93s2HkHs8HYMOAQW0PkampyoErAiIyKxgTLqbbad29HX/shv/6LGSjPJNQ=="
      }
    }
  }
}