{
  "version": 1,
  "dependencies": {
    "net10.0": {
      "AspNetCore.SassCompiler": {
        "type": "Direct",
        "requested": "[1.105.1, )",
        "resolved": "1.105.1",
        "contentHash": "li1LYujV26cWQymL7fqxSA9HoW1TGgYEe9fdinNzYZSeiljgkiTLqY1sPURR6eM+8RCsSPbo4RYheVimPWJq8g==",
        "dependencies": {
          "Microsoft.Extensions.Configuration.Binder": "3.1.0",
          "Microsoft.Extensions.DependencyInjection.Abstractions": "3.1.0",
          "Microsoft.Extensions.Hosting.Abstractions": "3.1.0",
          "Microsoft.Extensions.Options": "3.1.0"
        }
      },
      "Microsoft.AspNetCore.Components.Web": {
        "type": "Direct",
        "requested": "[10.0.12, )",
        "resolved": "10.0.12",
        "contentHash": "VFmcGnah8P8uxJ+/olJgw0e3IX6THGmxqKH+5E7K/kRKjcLXIYNTKsE4EyiJG8AjtxH65aKNUsobpI4Zqc6hmg==",
        "dependencies": {
          "Microsoft.AspNetCore.Components": "10.0.12",
          "Microsoft.AspNetCore.Components.Forms": "10.0.12",
          "Microsoft.Extensions.DependencyInjection": "10.0.12",
          "Microsoft.Extensions.Primitives": "10.0.12",
          "Microsoft.JSInterop": "10.0.12"
        }
      },
      "NI.CSharp.Analyzers": {
        "type": "Direct",
        "requested": "[2.0.35, )",
        "resolved": "2.0.35",
        "contentHash": "BWr4eveNX0kRVr6mFSohfBkJnc2fc3hwFDggLYvqcvlQ8gqxa00/3kkok9H6JdiOAiVLgln67SMfx+aUKkIPug==",
        "dependencies": {
          "Microsoft.CodeAnalysis.Analyzers": "3.3.3",
          "Microsoft.CodeAnalysis.CSharp": "4.2.0",
          "Microsoft.CodeAnalysis.NetAnalyzers": "10.0.100",
          "Microsoft.VisualStudio.Threading.Analyzers": "17.10.48",
          "Roslynator.Analyzers": "4.1.1",
          "StyleCop.Analyzers": "1.2.0-beta.556"
        }
      },
      "Apache.Arrow": {
        "type": "Transitive",
        "resolved": "23.0.0",
        "contentHash": "cU4Zm7byFwnb82Ea9ZRvVnq2nJNf/TF9j+rj/MHlvu9RBYMqYtu4sJaR1JmMh3MmSIuwMafVg7PfJxPAMv9dGw==",
        "dependencies": {
          "Apache.Arrow.Scalars": "23.0.0"
        }
      },
      "Apache.Arrow.Scalars": {
        "type": "Transitive",
        "resolved": "23.0.0",
        "contentHash": "i53VmQ505ASXsStf7y29Z5qvhN6PGgFGNb6UUU7z1WmbzEgSjKQuIJkKKVbh+K5rtXRiKyr1Ah3Rmvbeb2BEHQ=="
      },
      "Microsoft.AspNetCore.Authorization": {
        "type": "Transitive",
        "resolved": "10.0.12",
        "contentHash": "k4UspALZJWyBlb4rGPjMYO3p1/muEN6cJZTlWPfoRFU/LRP4fx1m19imWI/i/x7Sh9kNnldqlq+DU6w8pPnOtQ==",
        "dependencies": {
          "Microsoft.AspNetCore.Metadata": "10.0.12",
          "Microsoft.Extensions.Diagnostics": "10.0.12",
          "Microsoft.Extensions.Logging.Abstractions": "10.0.12",
          "Microsoft.Extensions.Options": "10.0.12"
        }
      },
      "Microsoft.AspNetCore.Components": {
        "type": "Transitive",
        "resolved": "10.0.12",
        "contentHash": "NyGmmcvuo3fYpFDJKpKLHDqVfS0egBgx2E6d+oIeN0bu573INc6m8RWtFwkD+pDd8l34XkJKjO2vAOgEaeZUUg==",
        "dependencies": {
          "Microsoft.AspNetCore.Authorization": "10.0.12",
          "Microsoft.AspNetCore.Components.Analyzers": "10.0.12"
        }
      },
      "Microsoft.AspNetCore.Components.Analyzers": {
        "type": "Transitive",
        "resolved": "10.0.12",
        "contentHash": "XXK/4sZejrRUFmm1uU6iSwcsfzURFpqXRzm3ycALmgmk8zl6HwXFMKjPgrO5azVPlrHeNPYRftMukjbwD4fa1w=="
      },
      "Microsoft.AspNetCore.Components.Forms": {
        "type": "Transitive",
        "resolved": "10.0.12",
        "contentHash": "11XKiT7Bmj4U87PGYUjX+SsgPClZZ9xsDQktERyxb5QgEyIEHHBbCGSADXHpZ2+b5Xpq7HvHvHdWEwD+XByE0Q==",
        "dependencies": {
          "Microsoft.AspNetCore.Components": "10.0.12",
          "Microsoft.Extensions.Validation": "10.0.12"
        }
      },
      "Microsoft.AspNetCore.Metadata": {
        "type": "Transitive",
        "resolved": "10.0.12",
        "contentHash": "KxeBBg1dEf3/Qr3VzghQIG5WDl8v4a+Kzr1pizRVidi5qMm+ymHYSB6vfO9tL20AXv1a5prQtwNQZqTfdeFYCQ=="
      },
      "Microsoft.CodeAnalysis.Analyzers": {
        "type": "Transitive",
        "resolved": "3.3.3",
        "contentHash": "j/rOZtLMVJjrfLRlAMckJLPW/1rze9MT1yfWqSIbUPGRu1m1P0fuo9PmqapwsmePfGB5PJrudQLvmUOAMF0DqQ=="
      },
      "Microsoft.CodeAnalysis.Common": {
        "type": "Transitive",
        "resolved": "4.2.0",
        "contentHash": "lbusGcuE7D8FtZawQ4G++UFsRQArPzZN1GGXjPQwu3gvCbw7FXDcBq1zDZrZN1vRzPTVe1qyZMvfGhVUzs1TDg==",
        "dependencies": {
          "Microsoft.CodeAnalysis.Analyzers": "3.3.3"
        }
      },
      "Microsoft.CodeAnalysis.CSharp": {
        "type": "Transitive",
        "resolved": "4.2.0",
        "contentHash": "5IDwr8zGNBmDpxtzxxZj9IHwoA6HJ1/WWT/JacqPQJ4Vz/oZXaHNlzcBPVCZRGWUw+QvVdAhCKwEyJyuAuH/wg==",
        "dependencies": {
          "Microsoft.CodeAnalysis.Common": "[4.2.0]"
        }
      },
      "Microsoft.CodeAnalysis.NetAnalyzers": {
        "type": "Transitive",
        "resolved": "10.0.100",
        "contentHash": "uj9VuyvqylnNueJfU7u2PkI/hEMpZl8Wg9BXyI0eatNEldU5jDYPdwsM8aDL18+1oLovju25MiqOPaGRBnG72A=="
      },
      "Microsoft.Extensions.Configuration": {
        "type": "Transitive",
        "resolved": "10.0.12",
        "contentHash": "e3IPP32CRNL031VZJAUTlCTG0YN7WFh4mN3fsSHTDQCJB+3+f0jGycv4fXk3rrftaY3B85XrQaj7sRthrOsavg==",
        "dependencies": {
          "Microsoft.Extensions.Configuration.Abstractions": "10.0.12",
          "Microsoft.Extensions.Primitives": "10.0.12"
        }
      },
      "Microsoft.Extensions.Configuration.Abstractions": {
        "type": "Transitive",
        "resolved": "10.0.12",
        "contentHash": "8xaGcvS/qZ1otoxPQCEJkNva389CVL/plNcvIETZhQTETYdRkYDPEYhUMoAGONo4FU45ufdfE0j29AfWVVj0wA==",
        "dependencies": {
          "Microsoft.Extensions.Primitives": "10.0.12"
        }
      },
      "Microsoft.Extensions.Configuration.Binder": {
        "type": "Transitive",
        "resolved": "10.0.12",
        "contentHash": "dAgIf1TOr8KLs+aBRIbXUZBjHoSH4rDG8+XkX/Q6AZwkQdMA0+yPDKTHsieeXdZDfpOpZVHzOnuAb5Z2nX3KsA==",
        "dependencies": {
          "Microsoft.Extensions.Configuration": "10.0.12",
          "Microsoft.Extensions.Configuration.Abstractions": "10.0.12"
        }
      },
      "Microsoft.Extensions.DependencyInjection": {
        "type": "Transitive",
        "resolved": "10.0.12",
        "contentHash": "lXyK2O5GoYvfxW8eCFcD16JFbcoSTM1sJkAM0UHS1jZyl9NYMW64Tqm6OQFT0IDBjZi+xHt95/Zg+nxZhGFhZg==",
        "dependencies": {
          "Microsoft.Extensions.DependencyInjection.Abstractions": "10.0.12"
        }
      },
      "Microsoft.Extensions.DependencyInjection.Abstractions": {
        "type": "Transitive",
        "resolved": "10.0.12",
        "contentHash": "9/qymSh7hVDMGTGwrLz8MRp5zRyXy9adGDOs4HwRdnLil3oZGYuWeZjbmHgCQ9BL1qBroVfgUK3U/nb61617Cw=="
      },
      "Microsoft.Extensions.Diagnostics": {
        "type": "Transitive",
        "resolved": "10.0.12",
        "contentHash": "amx0O/R4dReqKlC3T740+CHpX8D8tAIV0f5kAPfFi4XK9jYo9BSepGt9/rWfvvCoSMaZ1+XvnqPp/Vv2fmTdAg==",
        "dependencies": {
          "Microsoft.Extensions.Configuration": "10.0.12",
          "Microsoft.Extensions.Diagnostics.Abstractions": "10.0.12",
          "Microsoft.Extensions.Options.ConfigurationExtensions": "10.0.12"
        }
      },
      "Microsoft.Extensions.Diagnostics.Abstractions": {
        "type": "Transitive",
        "resolved": "10.0.12",
        "contentHash": "fMp91qlRlMOuHfMyp7LuAnOS+MOeWTF1obJmyFcs4nZCXu6pr+QB1AbFJcl2qpBltBrqF/Y7+Rn9IuNcSuctig==",
        "dependencies": {
          "Microsoft.Extensions.DependencyInjection.Abstractions": "10.0.12",
          "Microsoft.Extensions.Options": "10.0.12"
        }
      },
      "Microsoft.Extensions.FileProviders.Abstractions": {
        "type": "Transitive",
        "resolved": "3.1.0",
        "contentHash": "G3iBMOnn3tETEUvkE9J3a23wQpRkiXZp73zR0XNlicjLFhkeWW1FCaC2bTjrgHhPi2KO6x0BXnHvVuJPIlygBQ==",
        "dependencies": {
          "Microsoft.Extensions.Primitives": "3.1.0"
        }
      },
      "Microsoft.Extensions.Hosting.Abstractions": {
        "type": "Transitive",
        "resolved": "3.1.0",
        "contentHash": "LiOP1ceFaPBxaE28SOjtORzOVCJk33TT5VQ/Cg5EoatZh1dxpPAgAV/0ruzWKQE7WAHU3F1H9Z6rFgsQwIb9uQ==",
        "dependencies": {
          "Microsoft.Extensions.Configuration.Abstractions": "3.1.0",
          "Microsoft.Extensions.DependencyInjection.Abstractions": "3.1.0",
          "Microsoft.Extensions.FileProviders.Abstractions": "3.1.0",
          "Microsoft.Extensions.Logging.Abstractions": "3.1.0"
        }
      },
      "Microsoft.Extensions.Logging.Abstractions": {
        "type": "Transitive",
        "resolved": "10.0.12",
        "contentHash": "+24lC4plfbEDNfLAdTV/SWKS7dW+16X4HdydO3R++134kSNTzcbYA4KpR1Hdh6uWisB8Za3AzwyOn+K+NxWIug==",
        "dependencies": {
          "Microsoft.Extensions.DependencyInjection.Abstractions": "10.0.12"
        }
      },
      "Microsoft.Extensions.Options": {
        "type": "Transitive",
        "resolved": "10.0.12",
        "contentHash": "TDYD33TSRpXKZWlmTXNlj5kCihxatmv2Ec1u6C+bMYLphCS7PoSLE9Pjd/nunDoE7yETk+LLKjVJX78HYtWjpA==",
        "dependencies": {
          "Microsoft.Extensions.DependencyInjection.Abstractions": "10.0.12",
          "Microsoft.Extensions.Primitives": "10.0.12"
        }
      },
      "Microsoft.Extensions.Options.ConfigurationExtensions": {
        "type": "Transitive",
        "resolved": "10.0.12",
        "contentHash": "rqpu4qj5WE9x1IHGXSIgHBKi7IUlQaHyp4aXCYIanG2OghlUMFZpZTgExaXwcvmLAJHsxKQWMPpc7D2WIbCVtA==",
        "dependencies": {
          "Microsoft.Extensions.Configuration.Abstractions": "10.0.12",
          "Microsoft.Extensions.Configuration.Binder": "10.0.12",
          "Microsoft.Extensions.DependencyInjection.Abstractions": "10.0.12",
          "Microsoft.Extensions.Options": "10.0.12",
          "Microsoft.Extensions.Primitives": "10.0.12"
        }
      },
      "Microsoft.Extensions.Primitives": {
        "type": "Transitive",
        "resolved": "10.0.12",
        "contentHash": "dYfCLR52UA+3DL7C4I/pvSaRPkNqxrUAQmbFL2u0zvYKKzqgrFCJl08Df+F1aYc8leu9JvpC9bsURUdpExcBXQ=="
      },
      "Microsoft.Extensions.Validation": {
        "type": "Transitive",
        "resolved": "10.0.12",
        "contentHash": "6aeYPe1BpiwZifwTQ07GzFrauMxRSh2lZC1oleWvaWB7afNR8cE8EvMuE6hP6X9yICVuKeBQC/jXhEGq1Y1QdQ==",
        "dependencies": {
          "Microsoft.Extensions.DependencyInjection.Abstractions": "10.0.12",
          "Microsoft.Extensions.Options": "10.0.12"
        }
      },
      "Microsoft.JSInterop": {
        "type": "Transitive",
        "resolved": "10.0.12",
        "contentHash": "bLgqhSs2YS3i2sOe8Mo11JzgdktB+/VADJXx2oSCE1crpg3RbFESn1mEBfiO4MjX9icW+An1zdGBFucIwIYwmA=="
      },
      "Microsoft.VisualStudio.Threading.Analyzers": {
        "type": "Transitive",
        "resolved": "17.10.48",
        "contentHash": "xwvwT91oqFjLgQykUp6y/JPYxz8LchbfJKrLVatfczWddXKng8DAo8RiiIodt+pRdsVXP9Ud02GtJoY7ifdXPQ=="
      },
      "Roslynator.Analyzers": {
        "type": "Transitive",
        "resolved": "4.1.1",
        "contentHash": "3cPVlrB1PytlO1ztZZBOExDKQWpMZgI15ZDa0BqLu0l6xv+xIRfEpqjNRcpvUy3aLxWTkPgSKZbbaO+VoFEJ1g=="
      },
      "StyleCop.Analyzers": {
        "type": "Transitive",
        "resolved": "1.2.0-beta.556",
        "contentHash": "llRPgmA1fhC0I0QyFLEcjvtM2239QzKr/tcnbsjArLMJxJlu0AA5G7Fft0OI30pHF3MW63Gf4aSSsjc5m82J1Q==",
        "dependencies": {
          "StyleCop.Analyzers.Unstable": "1.2.0.556"
        }
      },
      "StyleCop.Analyzers.Unstable": {
        "type": "Transitive",
        "resolved": "1.2.0.556",
        "contentHash": "zvn9Mqs/ox/83cpYPignI8hJEM2A93s2HkHs8HYMOAQW0PkampyoErAiIyKxgTLqbbad29HX/shv/6LGSjPJNQ=="
      },
      "nimbleblazor": {
        "type": "Project",
        "dependencies": {
          "Apache.Arrow": "[23.0.0, 23.0.0]",
          "Microsoft.AspNetCore.Components.Web": "[10.0.12, )"
        }
      },
      "okblazor": {
        "type": "Project",
        "dependencies": {
          "Microsoft.AspNetCore.Components.Web": "[10.0.12, )"
        }
      },
      "sprightblazor": {
        "type": "Project",
        "dependencies": {
          "Microsoft.AspNetCore.Components.Web": "[10.0.12, )"
        }
      }
    }
  }
}