
Microsoft Visual Studio Solution File, Format Version 12.00
# Visual Studio Version 17
VisualStudioVersion = 17.0.32112.339
MinimumVisualStudioVersion = 10.0.40219.1
Project("{9A19103F-16F7-4668-BE54-9A1E7A4F7556}") = "NI.Nimble.Blazor.Components", "NI.Nimble.Blazor.Components\NI.Nimble.Blazor.Components.csproj", "{FD4F8A39-17CC-4118-A192-3E392FA728CA}"
EndProject
Project("{FAE04EC0-301F-11D3-BF4B-00C04F79EFBC}") = "Nimble.Blazor.Server.TestApp", "examples\Nimble.Blazor.Server.TestApp\Nimble.Blazor.Server.TestApp.csproj", "{66BA1BA2-3A53-48A1-98BC-0D2B420F6D9E}"
EndProject
Global
	GlobalSection(SolutionConfigurationPlatforms) = preSolution
		Debug|Any CPU = Debug|Any CPU
		Release|Any CPU = Release|Any CPU
	EndGlobalSection
	GlobalSection(ProjectConfigurationPlatforms) = postSolution
		{FD4F8A39-17CC-4118-A192-3E392FA728CA}.Debug|Any CPU.ActiveCfg = Debug|Any CPU
		{FD4F8A39-17CC-4118-A192-3E392FA728CA}.Debug|Any CPU.Build.0 = Debug|Any CPU
		{FD4F8A39-17CC-4118-A192-3E392FA728CA}.Release|Any CPU.ActiveCfg = Release|Any CPU
		{FD4F8A39-17CC-4118-A192-3E392FA728CA}.Release|Any CPU.Build.0 = Release|Any CPU
		{66BA1BA2-3A53-48A1-98BC-0D2B420F6D9E}.Debug|Any CPU.ActiveCfg = Debug|Any CPU
		{66BA1BA2-3A53-48A1-98BC-0D2B420F6D9E}.Debug|Any CPU.Build.0 = Debug|Any CPU
		{66BA1BA2-3A53-48A1-98BC-0D2B420F6D9E}.Release|Any CPU.ActiveCfg = Release|Any CPU
		{66BA1BA2-3A53-48A1-98BC-0D2B420F6D9E}.Release|Any CPU.Build.0 = Release|Any CPU
	EndGlobalSection
	GlobalSection(SolutionProperties) = preSolution
		HideSolutionNode = FALSE
	EndGlobalSection
	GlobalSection(ExtensibilityGlobals) = postSolution
		SolutionGuid = {38E2A588-0714-41E7-9BA3-D89622560FF9}
	EndGlobalSection
EndGlobal
