{
  "version": 1,
  "dependencies": {
    "net6.0": {
      "Microsoft.AspNetCore.Components.Web": {
        "type": "Direct",
        "requested": "[6.0.26, )",
        "resolved": "6.0.26",
        "contentHash": "TI03nT8wExpmf6niPmkNDy7N0ACd7kZiFMzMbqHHm4ZkLLrMaM+e0VXGrYBwqqgdBPS62XhmENoUNVr6GD2IUg==",
        "dependencies": {
          "Microsoft.AspNetCore.Components": "6.0.26",
          "Microsoft.AspNetCore.Components.Forms": "6.0.26",
          "Microsoft.Extensions.DependencyInjection": "6.0.1",
          "Microsoft.JSInterop": "6.0.26",
          "System.IO.Pipelines": "6.0.3"
        }
      },
      "NI.CSharp.Analyzers": {
        "type": "Direct",
        "requested": "[2.0.4, )",
        "resolved": "2.0.4",
        "contentHash": "Aa5YxIpmhvRt4YjCX0GavwFyFyX2P2FCjZj31UCe03PDSPknEhJsl/USgXaNqceJlpGwLdPas5vQvRusGaMT9w==",
        "dependencies": {
          "Microsoft.CodeAnalysis.FxCopAnalyzers": "2.9.10",
          "Microsoft.CodeQuality.Analyzers": "2.9.10",
          "Microsoft.NetCore.Analyzers": "2.9.10",
          "Microsoft.NetFramework.Analyzers": "2.9.10",
          "Microsoft.VisualStudio.Threading.Analyzers": "16.3.52",
          "Roslynator.Analyzers": "2.1.0",
          "StyleCop.Analyzers": "1.1.118"
        }
      },
      "Microsoft.AspNetCore.Authorization": {
        "type": "Transitive",
        "resolved": "6.0.26",
        "contentHash": "oRPKc6GNNP4HhNOr+27B00FGhaj/LHdzLxx7gJVjt81v3bEXxVJbVjOnC2SmyFIB+2kAlpMhFJjh+3iewgQsLg==",
        "dependencies": {
          "Microsoft.AspNetCore.Metadata": "6.0.26",
          "Microsoft.Extensions.Logging.Abstractions": "6.0.4",
          "Microsoft.Extensions.Options": "6.0.0"
        }
      },
      "Microsoft.AspNetCore.Components": {
        "type": "Transitive",
        "resolved": "6.0.26",
        "contentHash": "EohoYGX+HmHUryK9vYarMPMxELMRVAUgjFea6BquUYdXSv11v4rdceOijPSUd7BUQF8icYfNaNxo300HzQ/RoQ==",
        "dependencies": {
          "Microsoft.AspNetCore.Authorization": "6.0.26",
          "Microsoft.AspNetCore.Components.Analyzers": "6.0.26"
        }
      },
      "Microsoft.AspNetCore.Components.Analyzers": {
        "type": "Transitive",
        "resolved": "6.0.26",
        "contentHash": "MPvbaA8DLEKWlJG8PDF+Mzo0uEQgDRvpYZnkcQ0aDQpR2mID5GEYj12e0+ZRAMLlZLPvUBmDHqEYHfAx/5Py1Q=="
      },
      "Microsoft.AspNetCore.Components.Forms": {
        "type": "Transitive",
        "resolved": "6.0.26",
        "contentHash": "c0KnLi+iwSaFObRWnvW2o0zR64mLrpvmuFdc8Hfe3QaORpN8ts6sQgm2Ujbr07r0JjdeJmMnCQl6nPSk4DN1oQ==",
        "dependencies": {
          "Microsoft.AspNetCore.Components": "6.0.26"
        }
      },
      "Microsoft.AspNetCore.Metadata": {
        "type": "Transitive",
        "resolved": "6.0.26",
        "contentHash": "ni7QyUe+1WN/5oRfBm8J1igQwWOICoDv4p3wf+hy+VXF3qTcFt9JR17B63AsJVQDBW34G5fphH4QqqYJdnShPw=="
      },
      "Microsoft.CodeAnalysis.FxCopAnalyzers": {
        "type": "Transitive",
        "resolved": "2.9.10",
        "contentHash": "Do4JpOKvUMiUYwtbfvdHGjXKbnw+tu2/C6J8WcVRMQytQX5j68CBw6KaK+tYf49nfb+ZEtMO0bQzjkFW4kQNMg==",
        "dependencies": {
          "Microsoft.CodeAnalysis.VersionCheckAnalyzer": "[2.9.10]",
          "Microsoft.CodeQuality.Analyzers": "[2.9.10]",
          "Microsoft.NetCore.Analyzers": "[2.9.10]",
          "Microsoft.NetFramework.Analyzers": "[2.9.10]"
        }
      },
      "Microsoft.CodeAnalysis.VersionCheckAnalyzer": {
        "type": "Transitive",
        "resolved": "2.9.10",
        "contentHash": "I3y+JGl5fN08cqOJ5cN2NqlB//XYJc4myeSHiFnjV6TnnXA5x35qc98bXsYQRZy34cWN5ARp85mUWtyc7slg9w=="
      },
      "Microsoft.CodeQuality.Analyzers": {
        "type": "Transitive",
        "resolved": "2.9.10",
        "contentHash": "b8ZF2hMUx14ektBjSM3m/a7i1DFS/JJqqAyUmpPU+WQI1kLvUGMtt1tuzCKvf70lzzJiaqWmo9RT5W8v54QB/Q=="
      },
      "Microsoft.Extensions.DependencyInjection": {
        "type": "Transitive",
        "resolved": "6.0.1",
        "contentHash": "vWXPg3HJQIpZkENn1KWq8SfbqVujVD7S7vIAyFXXqK5xkf1Vho+vG0bLBCHxU36lD1cLLtmGpfYf0B3MYFi9tQ==",
        "dependencies": {
          "Microsoft.Extensions.DependencyInjection.Abstractions": "6.0.0",
          "System.Runtime.CompilerServices.Unsafe": "6.0.0"
        }
      },
      "Microsoft.Extensions.DependencyInjection.Abstractions": {
        "type": "Transitive",
        "resolved": "6.0.0",
        "contentHash": "xlzi2IYREJH3/m6+lUrQlujzX8wDitm4QGnUu6kUXTQAWPuZY8i+ticFJbzfqaetLA6KR/rO6Ew/HuYD+bxifg=="
      },
      "Microsoft.Extensions.Logging.Abstractions": {
        "type": "Transitive",
        "resolved": "6.0.4",
        "contentHash": "K14wYgwOfKVELrUh5eBqlC8Wvo9vvhS3ZhIvcswV2uS/ubkTRPSQsN557EZiYUSSoZNxizG+alN4wjtdyLdcyw=="
      },
      "Microsoft.Extensions.Options": {
        "type": "Transitive",
        "resolved": "6.0.0",
        "contentHash": "dzXN0+V1AyjOe2xcJ86Qbo233KHuLEY0njf/P2Kw8SfJU+d45HNS2ctJdnEnrWbM9Ye2eFgaC5Mj9otRMU6IsQ==",
        "dependencies": {
          "Microsoft.Extensions.DependencyInjection.Abstractions": "6.0.0",
          "Microsoft.Extensions.Primitives": "6.0.0"
        }
      },
      "Microsoft.Extensions.Primitives": {
        "type": "Transitive",
        "resolved": "6.0.0",
        "contentHash": "9+PnzmQFfEFNR9J2aDTfJGGupShHjOuGw4VUv+JB044biSHrnmCIMD+mJHmb2H7YryrfBEXDurxQ47gJZdCKNQ==",
        "dependencies": {
          "System.Runtime.CompilerServices.Unsafe": "6.0.0"
        }
      },
      "Microsoft.JSInterop": {
        "type": "Transitive",
        "resolved": "6.0.26",
        "contentHash": "jvvwPbjtM7SEt7yPBYQse7kXRSXiPGdUxzNEh/urPtR/K4JIONu982lVAtirOjfodjMoYtKUnt5PseXNZRBBhA=="
      },
      "Microsoft.NetCore.Analyzers": {
        "type": "Transitive",
        "resolved": "2.9.10",
        "contentHash": "AuXLuyBbY3usbGs/6+Qq0NIenxQzB59WjcfT+KI/v0mr/jvT0iGManF6DXeIO1kKFX2fNdZYyr+OBZArpCAhCw=="
      },
      "Microsoft.NetFramework.Analyzers": {
        "type": "Transitive",
        "resolved": "2.9.10",
        "contentHash": "qKzGPVLL4VvJUG+anb+fUS94AG/b/yCaATOWNRe1UKlY4Y0ao2Vbps9fnqL3KgOm4s5bVWp2mG6RW8dky2U17Q=="
      },
      "Microsoft.VisualStudio.Threading.Analyzers": {
        "type": "Transitive",
        "resolved": "16.3.52",
        "contentHash": "qTaG5K8gCHOhQfOI4fCJc0UGLnT8vqipkmzux6dI4TTA6EfxOkAd+7r3tRWn7pqbX9xLJaO+O1cNY1IpPm1wEA=="
      },
      "Roslynator.Analyzers": {
        "type": "Transitive",
        "resolved": "2.1.0",
        "contentHash": "0lu0nnaGl5SQav8l9nVwoQ0zz/Yv1/HI92zUu3nn8oNpVvxji+283dzbCP1a2mvKEQIoFyMd/eL172isf/et3Q=="
      },
      "StyleCop.Analyzers": {
        "type": "Transitive",
        "resolved": "1.1.118",
        "contentHash": "Onx6ovGSqXSK07n/0eM3ZusiNdB6cIlJdabQhWGgJp3Vooy9AaLS/tigeybOJAobqbtggTamoWndz72JscZBvw=="
      },
      "System.IO.Pipelines": {
        "type": "Transitive",
        "resolved": "6.0.3",
        "contentHash": "ryTgF+iFkpGZY1vRQhfCzX0xTdlV3pyaTTqRu2ETbEv+HlV7O6y7hyQURnghNIXvctl5DuZ//Dpks6HdL/Txgw=="
      },
      "System.Runtime.CompilerServices.Unsafe": {
        "type": "Transitive",
        "resolved": "6.0.0",
        "contentHash": "/iUeP3tq1S0XdNNoMz5C9twLSrM/TH+qElHkXWaPvuNOt+99G75NrV0OS2EqHx5wMN7popYjpc8oTjC1y16DLg=="
      }
    }
  }
}