{
  "version": 1,
  "dependencies": {
    "net6.0": {
      "Microsoft.AspNetCore.Components.Web": {
        "type": "Direct",
        "requested": "[6.0.1, )",
        "resolved": "6.0.1",
        "contentHash": "OhaK9izLH6Jjc1xJ+L0UEhuUcj12iQ80DDsIs/x9rwYyb3fhnttbu5zYQfA75SDlJbURXMt8IyMh1gY5fD2MLw==",
        "dependencies": {
          "Microsoft.AspNetCore.Components": "6.0.1",
          "Microsoft.AspNetCore.Components.Forms": "6.0.1",
          "Microsoft.Extensions.DependencyInjection": "6.0.0",
          "Microsoft.JSInterop": "6.0.1",
          "System.IO.Pipelines": "6.0.1"
        }
      },
      "NI.CSharp.Analyzers": {
        "type": "Direct",
        "requested": "[2.0.4, )",
        "resolved": "2.0.4",
        "contentHash": "Aa5YxIpmhvRt4YjCX0GavwFyFyX2P2FCjZj31UCe03PDSPknEhJsl/USgXaNqceJlpGwLdPas5vQvRusGaMT9w==",
        "dependencies": {
          "Microsoft.CodeAnalysis.FxCopAnalyzers": "2.9.10",
          "Microsoft.CodeQuality.Analyzers": "2.9.10",
          "Microsoft.NetCore.Analyzers": "2.9.10",
          "Microsoft.NetFramework.Analyzers": "2.9.10",
          "Microsoft.VisualStudio.Threading.Analyzers": "16.3.52",
          "Roslynator.Analyzers": "2.1.0",
          "StyleCop.Analyzers": "1.1.118"
        }
      },
      "Microsoft.AspNetCore.Authorization": {
        "type": "Transitive",
        "resolved": "6.0.1",
        "contentHash": "4XjeiDdQPmC5eNMFGM9LEcQUxORz6NpUsYD1AmZuk8GBA8IW8kN+o7M7m+rhhrYIWxQ9TADePaMWeomScGhbCQ==",
        "dependencies": {
          "Microsoft.AspNetCore.Metadata": "6.0.1",
          "Microsoft.Extensions.Logging.Abstractions": "6.0.0",
          "Microsoft.Extensions.Options": "6.0.0"
        }
      },
      "Microsoft.AspNetCore.Components": {
        "type": "Transitive",
        "resolved": "6.0.1",
        "contentHash": "q2WwEpmuT6tDAURCTo/q0ToWcate6XIGQ3+Yvc/utGFpyAOXynK9OdB+bCHB3BLrMAG/3U9dTt+K7v8ReQ3FKA==",
        "dependencies": {
          "Microsoft.AspNetCore.Authorization": "6.0.1",
          "Microsoft.AspNetCore.Components.Analyzers": "6.0.1"
        }
      },
      "Microsoft.AspNetCore.Components.Analyzers": {
        "type": "Transitive",
        "resolved": "6.0.1",
        "contentHash": "5FWCCBrxeY8HGiPULYpqlwCX8TAs3H1p7mVdfymGF/0ak7vY2qbMMxOXMZaqp/V5C9FcnU33+z4h1wNMXVH7PQ=="
      },
      "Microsoft.AspNetCore.Components.Forms": {
        "type": "Transitive",
        "resolved": "6.0.1",
        "contentHash": "uXGsVTnyEuj4C8c4M8Kuq5i1CNAAd1C7P0XhBsauJ0aocSq1xUJ9qL6XLZFA7NZUwDvdlPUC+s456eEcbdCIig==",
        "dependencies": {
          "Microsoft.AspNetCore.Components": "6.0.1"
        }
      },
      "Microsoft.AspNetCore.Metadata": {
        "type": "Transitive",
        "resolved": "6.0.1",
        "contentHash": "7CquMq2Hb0+0/kKnDf83WBLiEh04UPIOZgxgpjF0NegU1gHZ50llgZupOE3FRARmdzzW7A0AJtt9zobKbMTJkA=="
      },
      "Microsoft.CodeAnalysis.FxCopAnalyzers": {
        "type": "Transitive",
        "resolved": "2.9.10",
        "contentHash": "Do4JpOKvUMiUYwtbfvdHGjXKbnw+tu2/C6J8WcVRMQytQX5j68CBw6KaK+tYf49nfb+ZEtMO0bQzjkFW4kQNMg==",
        "dependencies": {
          "Microsoft.CodeAnalysis.VersionCheckAnalyzer": "[2.9.10]",
          "Microsoft.CodeQuality.Analyzers": "[2.9.10]",
          "Microsoft.NetCore.Analyzers": "[2.9.10]",
          "Microsoft.NetFramework.Analyzers": "[2.9.10]"
        }
      },
      "Microsoft.CodeAnalysis.VersionCheckAnalyzer": {
        "type": "Transitive",
        "resolved": "2.9.10",
        "contentHash": "I3y+JGl5fN08cqOJ5cN2NqlB//XYJc4myeSHiFnjV6TnnXA5x35qc98bXsYQRZy34cWN5ARp85mUWtyc7slg9w=="
      },
      "Microsoft.CodeQuality.Analyzers": {
        "type": "Transitive",
        "resolved": "2.9.10",
        "contentHash": "b8ZF2hMUx14ektBjSM3m/a7i1DFS/JJqqAyUmpPU+WQI1kLvUGMtt1tuzCKvf70lzzJiaqWmo9RT5W8v54QB/Q=="
      },
      "Microsoft.Extensions.DependencyInjection": {
        "type": "Transitive",
        "resolved": "6.0.0",
        "contentHash": "k6PWQMuoBDGGHOQTtyois2u4AwyVcIwL2LaSLlTZQm2CYcJ1pxbt6jfAnpWmzENA/wfrYRI/X9DTLoUkE4AsLw==",
        "dependencies": {
          "Microsoft.Extensions.DependencyInjection.Abstractions": "6.0.0",
          "System.Runtime.CompilerServices.Unsafe": "6.0.0"
        }
      },
      "Microsoft.Extensions.DependencyInjection.Abstractions": {
        "type": "Transitive",
        "resolved": "6.0.0",
        "contentHash": "xlzi2IYREJH3/m6+lUrQlujzX8wDitm4QGnUu6kUXTQAWPuZY8i+ticFJbzfqaetLA6KR/rO6Ew/HuYD+bxifg=="
      },
      "Microsoft.Extensions.Logging.Abstractions": {
        "type": "Transitive",
        "resolved": "6.0.0",
        "contentHash": "/HggWBbTwy8TgebGSX5DBZ24ndhzi93sHUBDvP1IxbZD7FDokYzdAr6+vbWGjw2XAfR2EJ1sfKUotpjHnFWPxA=="
      },
      "Microsoft.Extensions.Options": {
        "type": "Transitive",
        "resolved": "6.0.0",
        "contentHash": "dzXN0+V1AyjOe2xcJ86Qbo233KHuLEY0njf/P2Kw8SfJU+d45HNS2ctJdnEnrWbM9Ye2eFgaC5Mj9otRMU6IsQ==",
        "dependencies": {
          "Microsoft.Extensions.DependencyInjection.Abstractions": "6.0.0",
          "Microsoft.Extensions.Primitives": "6.0.0"
        }
      },
      "Microsoft.Extensions.Primitives": {
        "type": "Transitive",
        "resolved": "6.0.0",
        "contentHash": "9+PnzmQFfEFNR9J2aDTfJGGupShHjOuGw4VUv+JB044biSHrnmCIMD+mJHmb2H7YryrfBEXDurxQ47gJZdCKNQ==",
        "dependencies": {
          "System.Runtime.CompilerServices.Unsafe": "6.0.0"
        }
      },
      "Microsoft.JSInterop": {
        "type": "Transitive",
        "resolved": "6.0.1",
        "contentHash": "MJ3GtQiAMuu7JtgjlaPxeP5/P2h0hOlYaGhCvsUOyA645+nOnWGSnsNJ4ktCIjQYErOYPDJuV8dHTK7bysI8aQ=="
      },
      "Microsoft.NetCore.Analyzers": {
        "type": "Transitive",
        "resolved": "2.9.10",
        "contentHash": "AuXLuyBbY3usbGs/6+Qq0NIenxQzB59WjcfT+KI/v0mr/jvT0iGManF6DXeIO1kKFX2fNdZYyr+OBZArpCAhCw=="
      },
      "Microsoft.NetFramework.Analyzers": {
        "type": "Transitive",
        "resolved": "2.9.10",
        "contentHash": "qKzGPVLL4VvJUG+anb+fUS94AG/b/yCaATOWNRe1UKlY4Y0ao2Vbps9fnqL3KgOm4s5bVWp2mG6RW8dky2U17Q=="
      },
      "Microsoft.VisualStudio.Threading.Analyzers": {
        "type": "Transitive",
        "resolved": "16.3.52",
        "contentHash": "qTaG5K8gCHOhQfOI4fCJc0UGLnT8vqipkmzux6dI4TTA6EfxOkAd+7r3tRWn7pqbX9xLJaO+O1cNY1IpPm1wEA=="
      },
      "Roslynator.Analyzers": {
        "type": "Transitive",
        "resolved": "2.1.0",
        "contentHash": "0lu0nnaGl5SQav8l9nVwoQ0zz/Yv1/HI92zUu3nn8oNpVvxji+283dzbCP1a2mvKEQIoFyMd/eL172isf/et3Q=="
      },
      "StyleCop.Analyzers": {
        "type": "Transitive",
        "resolved": "1.1.118",
        "contentHash": "Onx6ovGSqXSK07n/0eM3ZusiNdB6cIlJdabQhWGgJp3Vooy9AaLS/tigeybOJAobqbtggTamoWndz72JscZBvw=="
      },
      "System.IO.Pipelines": {
        "type": "Transitive",
        "resolved": "6.0.1",
        "contentHash": "1j1pZX1ICzEyjafyssU3BzWVxUsaN3zq0wEmGKj3bxINC6NkmS30eEVuZ7k/QX2UKYNCaUch6g46taYKxcpFtw=="
      },
      "System.Runtime.CompilerServices.Unsafe": {
        "type": "Transitive",
        "resolved": "6.0.0",
        "contentHash": "/iUeP3tq1S0XdNNoMz5C9twLSrM/TH+qElHkXWaPvuNOt+99G75NrV0OS2EqHx5wMN7popYjpc8oTjC1y16DLg=="
      }
    }
  }
}